{
  "name": "AtividadeFrontEnd",
  "lockfileVersion": 2,
  "requires": true,
  "packages": {
    "": {
      "dependencies": {
        "tsc": "^2.0.4",
        "tst": "^7.1.1"
      }
    },
    "node_modules/tsc": {
      "version": "2.0.4",
      "resolved": "https://registry.npmjs.org/tsc/-/tsc-2.0.4.tgz",
      "integrity": "sha512-fzoSieZI5KKJVBYGvwbVZs/J5za84f2lSTLPYf6AGiIf43tZ3GNrI1QzTLcjtyDDP4aLxd46RTZq1nQxe7+k5Q==",
      "bin": {
        "tsc": "bin/tsc"
      }
    },
    "node_modules/tst": {
      "version": "7.1.1",
      "resolved": "https://registry.npmjs.org/tst/-/tst-7.1.1.tgz",
      "integrity": "sha512-8YzRv0WfbdXT6xiJasrH43D04PvzJONxLNSbLvWuXggKLmVJFYxG6DnXaWZNw4SOPoCYw6AaUxCfNf887TzVHw=="
    }
  },
  "dependencies": {
    "tsc": {
      "version": "2.0.4",
      "resolved": "https://registry.npmjs.org/tsc/-/tsc-2.0.4.tgz",
      "integrity": "sha512-fzoSieZI5KKJVBYGvwbVZs/J5za84f2lSTLPYf6AGiIf43tZ3GNrI1QzTLcjtyDDP4aLxd46RTZq1nQxe7+k5Q=="
    },
    "tst": {
      "version": "7.1.1",
      "resolved": "https://registry.npmjs.org/tst/-/tst-7.1.1.tgz",
      "integrity": "sha512-8YzRv0WfbdXT6xiJasrH43D04PvzJONxLNSbLvWuXggKLmVJFYxG6DnXaWZNw4SOPoCYw6AaUxCfNf887TzVHw=="
    }
  }
}
